
Microsoft Visual Studio Solution File, Format Version 12.00
# Visual Studio Version 17
VisualStudioVersion = 17.9.34622.214
MinimumVisualStudioVersion = 10.0.40219.1
Project("{FAE04EC0-301F-11D3-BF4B-00C04F79EFBC}") = "WebApplicationTest1", "WebApplicationTest1\WebApplicationTest1.csproj", "{5D036E46-63BB-4E31-8413-A2DC67C92D7F}"
EndProject
Global
	GlobalSection(SolutionConfigurationPlatforms) = preSolution
		Debug|Any CPU = Debug|Any CPU
		Release|Any CPU = Release|Any CPU
	EndGlobalSection
	GlobalSection(ProjectConfigurationPlatforms) = postSolution
		{5D036E46-63BB-4E31-8413-A2DC67C92D7F}.Debug|Any CPU.ActiveCfg = Debug|Any CPU
		{5D036E46-63BB-4E31-8413-A2DC67C92D7F}.Debug|Any CPU.Build.0 = Debug|Any CPU
		{5D036E46-63BB-4E31-8413-A2DC67C92D7F}.Release|Any CPU.ActiveCfg = Release|Any CPU
		{5D036E46-63BB-4E31-8413-A2DC67C92D7F}.Release|Any CPU.Build.0 = Release|Any CPU
	EndGlobalSection
	GlobalSection(SolutionProperties) = preSolution
		HideSolutionNode = FALSE
	EndGlobalSection
	GlobalSection(ExtensibilityGlobals) = postSolution
		SolutionGuid = {D80609CE-8D4B-4D23-92A2-F75FB89DA31C}
	EndGlobalSection
EndGlobal
